{
  "projects": [
    {
      "projectId": "4hCq2yK3sCmAagxeN2rvEp",
      "version": "latest",
      "dependencies": {},
      "lang": "ts",
      "fileLocks": [
        {
          "type": "globalVariant",
          "assetId": "3gUc38rVNgJP4",
          "checksum": "33fb6c92d00a801ba5174cc56bc3e450"
        },
        {
          "type": "renderModule",
          "assetId": "0MdnsfkGLfNM",
          "checksum": "0f2eadc7191e7c8852e20aa98b21421c"
        },
        {
          "type": "cssRules",
          "assetId": "0MdnsfkGLfNM",
          "checksum": "0f2eadc7191e7c8852e20aa98b21421c"
        },
        {
          "type": "renderModule",
          "assetId": "ToaxRzJEOz",
          "checksum": "cb12b5b1cfd04422d8a94e52de03f251"
        },
        {
          "type": "cssRules",
          "assetId": "ToaxRzJEOz",
          "checksum": "cb12b5b1cfd04422d8a94e52de03f251"
        },
        {
          "type": "renderModule",
          "assetId": "PttposgWw-",
          "checksum": "254b6c4fe40916ffde5df4b7c77b07fb"
        },
        {
          "type": "cssRules",
          "assetId": "PttposgWw-",
          "checksum": "254b6c4fe40916ffde5df4b7c77b07fb"
        },
        {
          "assetId": "4hCq2yK3sCmAagxeN2rvEp",
          "type": "projectCss",
          "checksum": "19afbc6ece747f4810db92e6724256ef"
        }
      ],
      "codegenVersion": "0.0.1"
    }
  ],
  "cliVersion": "0.1.193"
}
