{
  "projects": [
    {
      "projectId": "4hCq2yK3sCmAagxeN2rvEp",
      "version": "latest",
      "dependencies": {},
      "lang": "ts",
      "fileLocks": [
        {
          "type": "globalVariant",
          "assetId": "3gUc38rVNgJP4",
          "checksum": "33fb6c92d00a801ba5174cc56bc3e450"
        },
        {
          "type": "renderModule",
          "assetId": "0MdnsfkGLfNM",
          "checksum": "74fb8624cfc74830d422011d351e9f11"
        },
        {
          "type": "cssRules",
          "assetId": "0MdnsfkGLfNM",
          "checksum": "74fb8624cfc74830d422011d351e9f11"
        },
        {
          "type": "renderModule",
          "assetId": "ToaxRzJEOz",
          "checksum": "80a004596f50500ae2e9a6d457a5d290"
        },
        {
          "type": "cssRules",
          "assetId": "ToaxRzJEOz",
          "checksum": "80a004596f50500ae2e9a6d457a5d290"
        },
        {
          "assetId": "4hCq2yK3sCmAagxeN2rvEp",
          "type": "projectCss",
          "checksum": "19afbc6ece747f4810db92e6724256ef"
        }
      ],
      "codegenVersion": "0.0.1"
    }
  ],
  "cliVersion": "0.1.193"
}
